// !$*UTF8*$!
{
	archiveVersion = 1;
	classes = {
	};
	objectVersion = 56;
	objects = {

/* Begin PBXBuildFile section */
		BD2A9CE92A8BB03D00ACB6C7 /* LightBulbApp.swift in Sources */ = {isa = PBXBuildFile; fileRef = BD2A9CE82A8BB03D00ACB6C7 /* LightBulbApp.swift */; };
		BD2A9CEB2A8BB03D00ACB6C7 /* ContentView.swift in Sources */ = {isa = PBXBuildFile; fileRef = BD2A9CEA2A8BB03D00ACB6C7 /* ContentView.swift */; };
		BD2A9CFA2A8BB03E00ACB6C7 /* LightBulbTests.swift in Sources */ = {isa = PBXBuildFile; fileRef = BD2A9CF92A8BB03E00ACB6C7 /* LightBulbTests.swift */; };
		BD2A9D042A8BB03E00ACB6C7 /* LightBulbUITests.swift in Sources */ = {isa = PBXBuildFile; fileRef = BD2A9D032A8BB03E00ACB6C7 /* LightBulbUITests.swift */; };
		BD2A9D062A8BB03E00ACB6C7 /* LightBulbUITestsLaunchTests.swift in Sources */ = {isa = PBXBuildFile; fileRef = BD2A9D052A8BB03E00ACB6C7 /* LightBulbUITestsLaunchTests.swift */; };
		BD4916FF2A8D165D001D63D6 /* AllergyView.swift in Sources */ = {isa = PBXBuildFile; fileRef = BD4916FE2A8D165D001D63D6 /* AllergyView.swift */; };
		BD726BF52A8FAA63005E6E1A /* Assets.xcassets in Resources */ = {isa = PBXBuildFile; fileRef = BD726BF42A8FAA63005E6E1A /* Assets.xcassets */; };
		BD726BF72A8FAA92005E6E1A /* Preview Content in Resources */ = {isa = PBXBuildFile; fileRef = BD726BF62A8FAA92005E6E1A /* Preview Content */; };
		BDC082A52A8BCF5C0093D6F4 /* ChoosingView.swift in Sources */ = {isa = PBXBuildFile; fileRef = BDC082A42A8BCF5C0093D6F4 /* ChoosingView.swift */; };
		BDC082A72A8BCF6E0093D6F4 /* TypeView.swift in Sources */ = {isa = PBXBuildFile; fileRef = BDC082A62A8BCF6E0093D6F4 /* TypeView.swift */; };
		BDC082A92A8BCF800093D6F4 /* GeneratePage.swift in Sources */ = {isa = PBXBuildFile; fileRef = BDC082A82A8BCF800093D6F4 /* GeneratePage.swift */; };
		BDD205B82A8FC2BF00E41819 /* BaiJamjuree-Italic.ttf in Resources */ = {isa = PBXBuildFile; fileRef = BDD205AB2A8FC2BE00E41819 /* BaiJamjuree-Italic.ttf */; };
		BDD205B92A8FC2BF00E41819 /* BaiJamjuree-Regular.ttf in Resources */ = {isa = PBXBuildFile; fileRef = BDD205AC2A8FC2BE00E41819 /* BaiJamjuree-Regular.ttf */; };
		BDD205BA2A8FC2BF00E41819 /* BaiJamjuree-Light.ttf in Resources */ = {isa = PBXBuildFile; fileRef = BDD205AD2A8FC2BE00E41819 /* BaiJamjuree-Light.ttf */; };
		BDD205BB2A8FC2BF00E41819 /* BaiJamjuree-SemiBoldItalic.ttf in Resources */ = {isa = PBXBuildFile; fileRef = BDD205AE2A8FC2BE00E41819 /* BaiJamjuree-SemiBoldItalic.ttf */; };
		BDD205BC2A8FC2BF00E41819 /* BaiJamjuree-MediumItalic.ttf in Resources */ = {isa = PBXBuildFile; fileRef = BDD205AF2A8FC2BE00E41819 /* BaiJamjuree-MediumItalic.ttf */; };
		BDD205BD2A8FC2BF00E41819 /* BaiJamjuree-LightItalic.ttf in Resources */ = {isa = PBXBuildFile; fileRef = BDD205B02A8FC2BE00E41819 /* BaiJamjuree-LightItalic.ttf */; };
		BDD205BE2A8FC2BF00E41819 /* BaiJamjuree-ExtraLightItalic.ttf in Resources */ = {isa = PBXBuildFile; fileRef = BDD205B12A8FC2BE00E41819 /* BaiJamjuree-ExtraLightItalic.ttf */; };
		BDD205BF2A8FC2BF00E41819 /* BaiJamjuree-Bold.ttf in Resources */ = {isa = PBXBuildFile; fileRef = BDD205B22A8FC2BE00E41819 /* BaiJamjuree-Bold.ttf */; };
		BDD205C02A8FC2BF00E41819 /* BaiJamjuree-ExtraLight.ttf in Resources */ = {isa = PBXBuildFile; fileRef = BDD205B32A8FC2BE00E41819 /* BaiJamjuree-ExtraLight.ttf */; };
		BDD205C12A8FC2BF00E41819 /* OFL.txt in Resources */ = {isa = PBXBuildFile; fileRef = BDD205B42A8FC2BE00E41819 /* OFL.txt */; };
		BDD205C22A8FC2BF00E41819 /* BaiJamjuree-SemiBold.ttf in Resources */ = {isa = PBXBuildFile; fileRef = BDD205B52A8FC2BE00E41819 /* BaiJamjuree-SemiBold.ttf */; };
		BDD205C32A8FC2BF00E41819 /* BaiJamjuree-BoldItalic.ttf in Resources */ = {isa = PBXBuildFile; fileRef = BDD205B62A8FC2BE00E41819 /* BaiJamjuree-BoldItalic.ttf */; };
		BDD205C42A8FC2BF00E41819 /* BaiJamjuree-Medium.ttf in Resources */ = {isa = PBXBuildFile; fileRef = BDD205B72A8FC2BE00E41819 /* BaiJamjuree-Medium.ttf */; };
/* End PBXBuildFile section */

/* Begin PBXContainerItemProxy section */
		BD2A9CF62A8BB03E00ACB6C7 /* PBXContainerItemProxy */ = {
			isa = PBXContainerItemProxy;
			containerPortal = BD2A9CDD2A8BB03C00ACB6C7 /* Project object */;
			proxyType = 1;
			remoteGlobalIDString = BD2A9CE42A8BB03D00ACB6C7;
			remoteInfo = LightBulb;
		};
		BD2A9D002A8BB03E00ACB6C7 /* PBXContainerItemProxy */ = {
			isa = PBXContainerItemProxy;
			containerPortal = BD2A9CDD2A8BB03C00ACB6C7 /* Project object */;
			proxyType = 1;
			remoteGlobalIDString = BD2A9CE42A8BB03D00ACB6C7;
			remoteInfo = LightBulb;
		};
/* End PBXContainerItemProxy section */

/* Begin PBXFileReference section */
		BD2A9CE52A8BB03D00ACB6C7 /* LightBulb.app */ = {isa = PBXFileReference; explicitFileType = wrapper.application; includeInIndex = 0; path = LightBulb.app; sourceTree = BUILT_PRODUCTS_DIR; };
		BD2A9CE82A8BB03D00ACB6C7 /* LightBulbApp.swift */ = {isa = PBXFileReference; lastKnownFileType = sourcecode.swift; path = LightBulbApp.swift; sourceTree = "<group>"; };
		BD2A9CEA2A8BB03D00ACB6C7 /* ContentView.swift */ = {isa = PBXFileReference; lastKnownFileType = sourcecode.swift; path = ContentView.swift; sourceTree = "<group>"; };
		BD2A9CF52A8BB03E00ACB6C7 /* LightBulbTests.xctest */ = {isa = PBXFileReference; explicitFileType = wrapper.cfbundle; includeInIndex = 0; path = LightBulbTests.xctest; sourceTree = BUILT_PRODUCTS_DIR; };
		BD2A9CF92A8BB03E00ACB6C7 /* LightBulbTests.swift */ = {isa = PBXFileReference; lastKnownFileType = sourcecode.swift; path = LightBulbTests.swift; sourceTree = "<group>"; };
		BD2A9CFF2A8BB03E00ACB6C7 /* LightBulbUITests.xctest */ = {isa = PBXFileReference; explicitFileType = wrapper.cfbundle; includeInIndex = 0; path = LightBulbUITests.xctest; sourceTree = BUILT_PRODUCTS_DIR; };
		BD2A9D032A8BB03E00ACB6C7 /* LightBulbUITests.swift */ = {isa = PBXFileReference; lastKnownFileType = sourcecode.swift; path = LightBulbUITests.swift; sourceTree = "<group>"; };
		BD2A9D052A8BB03E00ACB6C7 /* LightBulbUITestsLaunchTests.swift */ = {isa = PBXFileReference; lastKnownFileType = sourcecode.swift; path = LightBulbUITestsLaunchTests.swift; sourceTree = "<group>"; };
		BD4916FE2A8D165D001D63D6 /* AllergyView.swift */ = {isa = PBXFileReference; lastKnownFileType = sourcecode.swift; path = AllergyView.swift; sourceTree = "<group>"; };
		BD726BF42A8FAA63005E6E1A /* Assets.xcassets */ = {isa = PBXFileReference; lastKnownFileType = folder.assetcatalog; path = Assets.xcassets; sourceTree = "<group>"; };
		BD726BF62A8FAA92005E6E1A /* Preview Content */ = {isa = PBXFileReference; lastKnownFileType = folder; path = "Preview Content"; sourceTree = "<group>"; };
		BDC082A42A8BCF5C0093D6F4 /* ChoosingView.swift */ = {isa = PBXFileReference; lastKnownFileType = sourcecode.swift; path = ChoosingView.swift; sourceTree = "<group>"; };
		BDC082A62A8BCF6E0093D6F4 /* TypeView.swift */ = {isa = PBXFileReference; lastKnownFileType = sourcecode.swift; path = TypeView.swift; sourceTree = "<group>"; };
		BDC082A82A8BCF800093D6F4 /* GeneratePage.swift */ = {isa = PBXFileReference; lastKnownFileType = sourcecode.swift; path = GeneratePage.swift; sourceTree = "<group>"; };
		BDD205A92A8FC12500E41819 /* Info.plist */ = {isa = PBXFileReference; lastKnownFileType = text.plist; path = Info.plist; sourceTree = "<group>"; };
		BDD205AB2A8FC2BE00E41819 /* BaiJamjuree-Italic.ttf */ = {isa = PBXFileReference; lastKnownFileType = file; path = "BaiJamjuree-Italic.ttf"; sourceTree = "<group>"; };
		BDD205AC2A8FC2BE00E41819 /* BaiJamjuree-Regular.ttf */ = {isa = PBXFileReference; lastKnownFileType = file; path = "BaiJamjuree-Regular.ttf"; sourceTree = "<group>"; };
		BDD205AD2A8FC2BE00E41819 /* BaiJamjuree-Light.ttf */ = {isa = PBXFileReference; lastKnownFileType = file; path = "BaiJamjuree-Light.ttf"; sourceTree = "<group>"; };
		BDD205AE2A8FC2BE00E41819 /* BaiJamjuree-SemiBoldItalic.ttf */ = {isa = PBXFileReference; lastKnownFileType = file; path = "BaiJamjuree-SemiBoldItalic.ttf"; sourceTree = "<group>"; };
		BDD205AF2A8FC2BE00E41819 /* BaiJamjuree-MediumItalic.ttf */ = {isa = PBXFileReference; lastKnownFileType = file; path = "BaiJamjuree-MediumItalic.ttf"; sourceTree = "<group>"; };
		BDD205B02A8FC2BE00E41819 /* BaiJamjuree-LightItalic.ttf */ = {isa = PBXFileReference; lastKnownFileType = file; path = "BaiJamjuree-LightItalic.ttf"; sourceTree = "<group>"; };
		BDD205B12A8FC2BE00E41819 /* BaiJamjuree-ExtraLightItalic.ttf */ = {isa = PBXFileReference; lastKnownFileType = file; path = "BaiJamjuree-ExtraLightItalic.ttf"; sourceTree = "<group>"; };
		BDD205B22A8FC2BE00E41819 /* BaiJamjuree-Bold.ttf */ = {isa = PBXFileReference; lastKnownFileType = file; path = "BaiJamjuree-Bold.ttf"; sourceTree = "<group>"; };
		BDD205B32A8FC2BE00E41819 /* BaiJamjuree-ExtraLight.ttf */ = {isa = PBXFileReference; lastKnownFileType = file; path = "BaiJamjuree-ExtraLight.ttf"; sourceTree = "<group>"; };
		BDD205B42A8FC2BE00E41819 /* OFL.txt */ = {isa = PBXFileReference; fileEncoding = 4; lastKnownFileType = text; path = OFL.txt; sourceTree = "<group>"; };
		BDD205B52A8FC2BE00E41819 /* BaiJamjuree-SemiBold.ttf */ = {isa = PBXFileReference; lastKnownFileType = file; path = "BaiJamjuree-SemiBold.ttf"; sourceTree = "<group>"; };
		BDD205B62A8FC2BE00E41819 /* BaiJamjuree-BoldItalic.ttf */ = {isa = PBXFileReference; lastKnownFileType = file; path = "BaiJamjuree-BoldItalic.ttf"; sourceTree = "<group>"; };
		BDD205B72A8FC2BE00E41819 /* BaiJamjuree-Medium.ttf */ = {isa = PBXFileReference; lastKnownFileType = file; path = "BaiJamjuree-Medium.ttf"; sourceTree = "<group>"; };
/* End PBXFileReference section */

/* Begin PBXFrameworksBuildPhase section */
		BD2A9CE22A8BB03D00ACB6C7 /* Frameworks */ = {
			isa = PBXFrameworksBuildPhase;
			buildActionMask = 2147483647;
			files = (
			);
			runOnlyForDeploymentPostprocessing = 0;
		};
		BD2A9CF22A8BB03E00ACB6C7 /* Frameworks */ = {
			isa = PBXFrameworksBuildPhase;
			buildActionMask = 2147483647;
			files = (
			);
			runOnlyForDeploymentPostprocessing = 0;
		};
		BD2A9CFC2A8BB03E00ACB6C7 /* Frameworks */ = {
			isa = PBXFrameworksBuildPhase;
			buildActionMask = 2147483647;
			files = (
			);
			runOnlyForDeploymentPostprocessing = 0;
		};
/* End PBXFrameworksBuildPhase section */

/* Begin PBXGroup section */
		BD2A9CDC2A8BB03C00ACB6C7 = {
			isa = PBXGroup;
			children = (
				BD2A9CE72A8BB03D00ACB6C7 /* LightBulb */,
				BD2A9CF82A8BB03E00ACB6C7 /* LightBulbTests */,
				BD2A9D022A8BB03E00ACB6C7 /* LightBulbUITests */,
				BD2A9CE62A8BB03D00ACB6C7 /* Products */,
			);
			sourceTree = "<group>";
		};
		BD2A9CE62A8BB03D00ACB6C7 /* Products */ = {
			isa = PBXGroup;
			children = (
				BD2A9CE52A8BB03D00ACB6C7 /* LightBulb.app */,
				BD2A9CF52A8BB03E00ACB6C7 /* LightBulbTests.xctest */,
				BD2A9CFF2A8BB03E00ACB6C7 /* LightBulbUITests.xctest */,
			);
			name = Products;
			sourceTree = "<group>";
		};
		BD2A9CE72A8BB03D00ACB6C7 /* LightBulb */ = {
			isa = PBXGroup;
			children = (
				BDD205A92A8FC12500E41819 /* Info.plist */,
				BD2A9CE82A8BB03D00ACB6C7 /* LightBulbApp.swift */,
				BD2A9CEA2A8BB03D00ACB6C7 /* ContentView.swift */,
				BDC082A42A8BCF5C0093D6F4 /* ChoosingView.swift */,
				BDC082A62A8BCF6E0093D6F4 /* TypeView.swift */,
				BD4916FE2A8D165D001D63D6 /* AllergyView.swift */,
				BDD205AA2A8FC2BE00E41819 /* Bai_Jamjuree */,
				BDC082A82A8BCF800093D6F4 /* GeneratePage.swift */,
				BD726BF42A8FAA63005E6E1A /* Assets.xcassets */,
				BD726BF62A8FAA92005E6E1A /* Preview Content */,
			);
			path = LightBulb;
			sourceTree = "<group>";
		};
		BD2A9CF82A8BB03E00ACB6C7 /* LightBulbTests */ = {
			isa = PBXGroup;
			children = (
				BD2A9CF92A8BB03E00ACB6C7 /* LightBulbTests.swift */,
			);
			path = LightBulbTests;
			sourceTree = "<group>";
		};
		BD2A9D022A8BB03E00ACB6C7 /* LightBulbUITests */ = {
			isa = PBXGroup;
			children = (
				BD2A9D032A8BB03E00ACB6C7 /* LightBulbUITests.swift */,
				BD2A9D052A8BB03E00ACB6C7 /* LightBulbUITestsLaunchTests.swift */,
			);
			path = LightBulbUITests;
			sourceTree = "<group>";
		};
		BDD205AA2A8FC2BE00E41819 /* Bai_Jamjuree */ = {
			isa = PBXGroup;
			children = (
				BDD205AB2A8FC2BE00E41819 /* BaiJamjuree-Italic.ttf */,
				BDD205AC2A8FC2BE00E41819 /* BaiJamjuree-Regular.ttf */,
				BDD205AD2A8FC2BE00E41819 /* BaiJamjuree-Light.ttf */,
				BDD205AE2A8FC2BE00E41819 /* BaiJamjuree-SemiBoldItalic.ttf */,
				BDD205AF2A8FC2BE00E41819 /* BaiJamjuree-MediumItalic.ttf */,
				BDD205B02A8FC2BE00E41819 /* BaiJamjuree-LightItalic.ttf */,
				BDD205B12A8FC2BE00E41819 /* BaiJamjuree-ExtraLightItalic.ttf */,
				BDD205B22A8FC2BE00E41819 /* BaiJamjuree-Bold.ttf */,
				BDD205B32A8FC2BE00E41819 /* BaiJamjuree-ExtraLight.ttf */,
				BDD205B42A8FC2BE00E41819 /* OFL.txt */,
				BDD205B52A8FC2BE00E41819 /* BaiJamjuree-SemiBold.ttf */,
				BDD205B62A8FC2BE00E41819 /* BaiJamjuree-BoldItalic.ttf */,
				BDD205B72A8FC2BE00E41819 /* BaiJamjuree-Medium.ttf */,
			);
			path = Bai_Jamjuree;
			sourceTree = "<group>";
		};
/* End PBXGroup section */

/* Begin PBXNativeTarget section */
		BD2A9CE42A8BB03D00ACB6C7 /* LightBulb */ = {
			isa = PBXNativeTarget;
			buildConfigurationList = BD2A9D092A8BB03E00ACB6C7 /* Build configuration list for PBXNativeTarget "LightBulb" */;
			buildPhases = (
				BD2A9CE12A8BB03D00ACB6C7 /* Sources */,
				BD2A9CE22A8BB03D00ACB6C7 /* Frameworks */,
				BD2A9CE32A8BB03D00ACB6C7 /* Resources */,
			);
			buildRules = (
			);
			dependencies = (
			);
			name = LightBulb;
			productName = LightBulb;
			productReference = BD2A9CE52A8BB03D00ACB6C7 /* LightBulb.app */;
			productType = "com.apple.product-type.application";
		};
		BD2A9CF42A8BB03E00ACB6C7 /* LightBulbTests */ = {
			isa = PBXNativeTarget;
			buildConfigurationList = BD2A9D0C2A8BB03E00ACB6C7 /* Build configuration list for PBXNativeTarget "LightBulbTests" */;
			buildPhases = (
				BD2A9CF12A8BB03E00ACB6C7 /* Sources */,
				BD2A9CF22A8BB03E00ACB6C7 /* Frameworks */,
				BD2A9CF32A8BB03E00ACB6C7 /* Resources */,
			);
			buildRules = (
			);
			dependencies = (
				BD2A9CF72A8BB03E00ACB6C7 /* PBXTargetDependency */,
			);
			name = LightBulbTests;
			productName = LightBulbTests;
			productReference = BD2A9CF52A8BB03E00ACB6C7 /* LightBulbTests.xctest */;
			productType = "com.apple.product-type.bundle.unit-test";
		};
		BD2A9CFE2A8BB03E00ACB6C7 /* LightBulbUITests */ = {
			isa = PBXNativeTarget;
			buildConfigurationList = BD2A9D0F2A8BB03E00ACB6C7 /* Build configuration list for PBXNativeTarget "LightBulbUITests" */;
			buildPhases = (
				BD2A9CFB2A8BB03E00ACB6C7 /* Sources */,
				BD2A9CFC2A8BB03E00ACB6C7 /* Frameworks */,
				BD2A9CFD2A8BB03E00ACB6C7 /* Resources */,
			);
			buildRules = (
			);
			dependencies = (
				BD2A9D012A8BB03E00ACB6C7 /* PBXTargetDependency */,
			);
			name = LightBulbUITests;
			productName = LightBulbUITests;
			productReference = BD2A9CFF2A8BB03E00ACB6C7 /* LightBulbUITests.xctest */;
			productType = "com.apple.product-type.bundle.ui-testing";
		};
/* End PBXNativeTarget section */

/* Begin PBXProject section */
		BD2A9CDD2A8BB03C00ACB6C7 /* Project object */ = {
			isa = PBXProject;
			attributes = {
				BuildIndependentTargetsInParallel = 1;
				LastSwiftUpdateCheck = 1430;
				LastUpgradeCheck = 1430;
				TargetAttributes = {
					BD2A9CE42A8BB03D00ACB6C7 = {
						CreatedOnToolsVersion = 14.3.1;
					};
					BD2A9CF42A8BB03E00ACB6C7 = {
						CreatedOnToolsVersion = 14.3.1;
						TestTargetID = BD2A9CE42A8BB03D00ACB6C7;
					};
					BD2A9CFE2A8BB03E00ACB6C7 = {
						CreatedOnToolsVersion = 14.3.1;
						TestTargetID = BD2A9CE42A8BB03D00ACB6C7;
					};
				};
			};
			buildConfigurationList = BD2A9CE02A8BB03C00ACB6C7 /* Build configuration list for PBXProject "LightBulb" */;
			compatibilityVersion = "Xcode 14.0";
			developmentRegion = en;
			hasScannedForEncodings = 0;
			knownRegions = (
				en,
				Base,
			);
			mainGroup = BD2A9CDC2A8BB03C00ACB6C7;
			productRefGroup = BD2A9CE62A8BB03D00ACB6C7 /* Products */;
			projectDirPath = "";
			projectRoot = "";
			targets = (
				BD2A9CE42A8BB03D00ACB6C7 /* LightBulb */,
				BD2A9CF42A8BB03E00ACB6C7 /* LightBulbTests */,
				BD2A9CFE2A8BB03E00ACB6C7 /* LightBulbUITests */,
			);
		};
/* End PBXProject section */

/* Begin PBXResourcesBuildPhase section */
		BD2A9CE32A8BB03D00ACB6C7 /* Resources */ = {
			isa = PBXResourcesBuildPhase;
			buildActionMask = 2147483647;
			files = (
				BD726BF72A8FAA92005E6E1A /* Preview Content in Resources */,
				BDD205C32A8FC2BF00E41819 /* BaiJamjuree-BoldItalic.ttf in Resources */,
				BDD205BF2A8FC2BF00E41819 /* BaiJamjuree-Bold.ttf in Resources */,
				BDD205BD2A8FC2BF00E41819 /* BaiJamjuree-LightItalic.ttf in Resources */,
				BDD205BE2A8FC2BF00E41819 /* BaiJamjuree-ExtraLightItalic.ttf in Resources */,
				BDD205B92A8FC2BF00E41819 /* BaiJamjuree-Regular.ttf in Resources */,
				BD726BF52A8FAA63005E6E1A /* Assets.xcassets in Resources */,
				BDD205C12A8FC2BF00E41819 /* OFL.txt in Resources */,
				BDD205C02A8FC2BF00E41819 /* BaiJamjuree-ExtraLight.ttf in Resources */,
				BDD205B82A8FC2BF00E41819 /* BaiJamjuree-Italic.ttf in Resources */,
				BDD205BC2A8FC2BF00E41819 /* BaiJamjuree-MediumItalic.ttf in Resources */,
				BDD205C42A8FC2BF00E41819 /* BaiJamjuree-Medium.ttf in Resources */,
				BDD205BA2A8FC2BF00E41819 /* BaiJamjuree-Light.ttf in Resources */,
				BDD205C22A8FC2BF00E41819 /* BaiJamjuree-SemiBold.ttf in Resources */,
				BDD205BB2A8FC2BF00E41819 /* BaiJamjuree-SemiBoldItalic.ttf in Resources */,
			);
			runOnlyForDeploymentPostprocessing = 0;
		};
		BD2A9CF32A8BB03E00ACB6C7 /* Resources */ = {
			isa = PBXResourcesBuildPhase;
			buildActionMask = 2147483647;
			files = (
			);
			runOnlyForDeploymentPostprocessing = 0;
		};
		BD2A9CFD2A8BB03E00ACB6C7 /* Resources */ = {
			isa = PBXResourcesBuildPhase;
			buildActionMask = 2147483647;
			files = (
			);
			runOnlyForDeploymentPostprocessing = 0;
		};
/* End PBXResourcesBuildPhase section */

/* Begin PBXSourcesBuildPhase section */
		BD2A9CE12A8BB03D00ACB6C7 /* Sources */ = {
			isa = PBXSourcesBuildPhase;
			buildActionMask = 2147483647;
			files = (
				BDC082A52A8BCF5C0093D6F4 /* ChoosingView.swift in Sources */,
				BD4916FF2A8D165D001D63D6 /* AllergyView.swift in Sources */,
				BD2A9CEB2A8BB03D00ACB6C7 /* ContentView.swift in Sources */,
				BDC082A92A8BCF800093D6F4 /* GeneratePage.swift in Sources */,
				BDC082A72A8BCF6E0093D6F4 /* TypeView.swift in Sources */,
				BD2A9CE92A8BB03D00ACB6C7 /* LightBulbApp.swift in Sources */,
			);
			runOnlyForDeploymentPostprocessing = 0;
		};
		BD2A9CF12A8BB03E00ACB6C7 /* Sources */ = {
			isa = PBXSourcesBuildPhase;
			buildActionMask = 2147483647;
			files = (
				BD2A9CFA2A8BB03E00ACB6C7 /* LightBulbTests.swift in Sources */,
			);
			runOnlyForDeploymentPostprocessing = 0;
		};
		BD2A9CFB2A8BB03E00ACB6C7 /* Sources */ = {
			isa = PBXSourcesBuildPhase;
			buildActionMask = 2147483647;
			files = (
				BD2A9D062A8BB03E00ACB6C7 /* LightBulbUITestsLaunchTests.swift in Sources */,
				BD2A9D042A8BB03E00ACB6C7 /* LightBulbUITests.swift in Sources */,
			);
			runOnlyForDeploymentPostprocessing = 0;
		};
/* End PBXSourcesBuildPhase section */

/* Begin PBXTargetDependency section */
		BD2A9CF72A8BB03E00ACB6C7 /* PBXTargetDependency */ = {
			isa = PBXTargetDependency;
			target = BD2A9CE42A8BB03D00ACB6C7 /* LightBulb */;
			targetProxy = BD2A9CF62A8BB03E00ACB6C7 /* PBXContainerItemProxy */;
		};
		BD2A9D012A8BB03E00ACB6C7 /* PBXTargetDependency */ = {
			isa = PBXTargetDependency;
			target = BD2A9CE42A8BB03D00ACB6C7 /* LightBulb */;
			targetProxy = BD2A9D002A8BB03E00ACB6C7 /* PBXContainerItemProxy */;
		};
/* End PBXTargetDependency section */

/* Begin XCBuildConfiguration section */
		BD2A9D072A8BB03E00ACB6C7 /* Debug */ = {
			isa = XCBuildConfiguration;
			buildSettings = {
				ALWAYS_SEARCH_USER_PATHS = NO;
				CLANG_ANALYZER_NONNULL = YES;
				CLANG_ANALYZER_NUMBER_OBJECT_CONVERSION = YES_AGGRESSIVE;
				CLANG_CXX_LANGUAGE_STANDARD = "gnu++20";
				CLANG_ENABLE_MODULES = YES;
				CLANG_ENABLE_OBJC_ARC = YES;
				CLANG_ENABLE_OBJC_WEAK = YES;
				CLANG_WARN_BLOCK_CAPTURE_AUTORELEASING = YES;
				CLANG_WARN_BOOL_CONVERSION = YES;
				CLANG_WARN_COMMA = YES;
				CLANG_WARN_CONSTANT_CONVERSION = YES;
				CLANG_WARN_DEPRECATED_OBJC_IMPLEMENTATIONS = YES;
				CLANG_WARN_DIRECT_OBJC_ISA_USAGE = YES_ERROR;
				CLANG_WARN_DOCUMENTATION_COMMENTS = YES;
				CLANG_WARN_EMPTY_BODY = YES;
				CLANG_WARN_ENUM_CONVERSION = YES;
				CLANG_WARN_INFINITE_RECURSION = YES;
				CLANG_WARN_INT_CONVERSION = YES;
				CLANG_WARN_NON_LITERAL_NULL_CONVERSION = YES;
				CLANG_WARN_OBJC_IMPLICIT_RETAIN_SELF = YES;
				CLANG_WARN_OBJC_LITERAL_CONVERSION = YES;
				CLANG_WARN_OBJC_ROOT_CLASS = YES_ERROR;
				CLANG_WARN_QUOTED_INCLUDE_IN_FRAMEWORK_HEADER = YES;
				CLANG_WARN_RANGE_LOOP_ANALYSIS = YES;
				CLANG_WARN_STRICT_PROTOTYPES = YES;
				CLANG_WARN_SUSPICIOUS_MOVE = YES;
				CLANG_WARN_UNGUARDED_AVAILABILITY = YES_AGGRESSIVE;
				CLANG_WARN_UNREACHABLE_CODE = YES;
				CLANG_WARN__DUPLICATE_METHOD_MATCH = YES;
				COPY_PHASE_STRIP = NO;
				DEBUG_INFORMATION_FORMAT = dwarf;
				ENABLE_STRICT_OBJC_MSGSEND = YES;
				ENABLE_TESTABILITY = YES;
				GCC_C_LANGUAGE_STANDARD = gnu11;
				GCC_DYNAMIC_NO_PIC = NO;
				GCC_NO_COMMON_BLOCKS = YES;
				GCC_OPTIMIZATION_LEVEL = 0;
				GCC_PREPROCESSOR_DEFINITIONS = (
					"DEBUG=1",
					"$(inherited)",
				);
				GCC_WARN_64_TO_32_BIT_CONVERSION = YES;
				GCC_WARN_ABOUT_RETURN_TYPE = YES_ERROR;
				GCC_WARN_UNDECLARED_SELECTOR = YES;
				GCC_WARN_UNINITIALIZED_AUTOS = YES_AGGRESSIVE;
				GCC_WARN_UNUSED_FUNCTION = YES;
				GCC_WARN_UNUSED_VARIABLE = YES;
				IPHONEOS_DEPLOYMENT_TARGET = 16.4;
				MTL_ENABLE_DEBUG_INFO = INCLUDE_SOURCE;
				MTL_FAST_MATH = YES;
				ONLY_ACTIVE_ARCH = YES;
				SDKROOT = iphoneos;
				SWIFT_ACTIVE_COMPILATION_CONDITIONS = DEBUG;
				SWIFT_OPTIMIZATION_LEVEL = "-Onone";
			};
			name = Debug;
		};
		BD2A9D082A8BB03E00ACB6C7 /* Release */ = {
			isa = XCBuildConfiguration;
			buildSettings = {
				ALWAYS_SEARCH_USER_PATHS = NO;
				CLANG_ANALYZER_NONNULL = YES;
				CLANG_ANALYZER_NUMBER_OBJECT_CONVERSION = YES_AGGRESSIVE;
				CLANG_CXX_LANGUAGE_STANDARD = "gnu++20";
				CLANG_ENABLE_MODULES = YES;
				CLANG_ENABLE_OBJC_ARC = YES;
				CLANG_ENABLE_OBJC_WEAK = YES;
				CLANG_WARN_BLOCK_CAPTURE_AUTORELEASING = YES;
				CLANG_WARN_BOOL_CONVERSION = YES;
				CLANG_WARN_COMMA = YES;
				CLANG_WARN_CONSTANT_CONVERSION = YES;
				CLANG_WARN_DEPRECATED_OBJC_IMPLEMENTATIONS = YES;
				CLANG_WARN_DIRECT_OBJC_ISA_USAGE = YES_ERROR;
				CLANG_WARN_DOCUMENTATION_COMMENTS = YES;
				CLANG_WARN_EMPTY_BODY = YES;
				CLANG_WARN_ENUM_CONVERSION = YES;
				CLANG_WARN_INFINITE_RECURSION = YES;
				CLANG_WARN_INT_CONVERSION = YES;
				CLANG_WARN_NON_LITERAL_NULL_CONVERSION = YES;
				CLANG_WARN_OBJC_IMPLICIT_RETAIN_SELF = YES;
				CLANG_WARN_OBJC_LITERAL_CONVERSION = YES;
				CLANG_WARN_OBJC_ROOT_CLASS = YES_ERROR;
				CLANG_WARN_QUOTED_INCLUDE_IN_FRAMEWORK_HEADER = YES;
				CLANG_WARN_RANGE_LOOP_ANALYSIS = YES;
				CLANG_WARN_STRICT_PROTOTYPES = YES;
				CLANG_WARN_SUSPICIOUS_MOVE = YES;
				CLANG_WARN_UNGUARDED_AVAILABILITY = YES_AGGRESSIVE;
				CLANG_WARN_UNREACHABLE_CODE = YES;
				CLANG_WARN__DUPLICATE_METHOD_MATCH = YES;
				COPY_PHASE_STRIP = NO;
				DEBUG_INFORMATION_FORMAT = "dwarf-with-dsym";
				ENABLE_NS_ASSERTIONS = NO;
				ENABLE_STRICT_OBJC_MSGSEND = YES;
				GCC_C_LANGUAGE_STANDARD = gnu11;
				GCC_NO_COMMON_BLOCKS = YES;
				GCC_WARN_64_TO_32_BIT_CONVERSION = YES;
				GCC_WARN_ABOUT_RETURN_TYPE = YES_ERROR;
				GCC_WARN_UNDECLARED_SELECTOR = YES;
				GCC_WARN_UNINITIALIZED_AUTOS = YES_AGGRESSIVE;
				GCC_WARN_UNUSED_FUNCTION = YES;
				GCC_WARN_UNUSED_VARIABLE = YES;
				IPHONEOS_DEPLOYMENT_TARGET = 16.4;
				MTL_ENABLE_DEBUG_INFO = NO;
				MTL_FAST_MATH = YES;
				SDKROOT = iphoneos;
				SWIFT_COMPILATION_MODE = wholemodule;
				SWIFT_OPTIMIZATION_LEVEL = "-O";
				VALIDATE_PRODUCT = YES;
			};
			name = Release;
		};
		BD2A9D0A2A8BB03E00ACB6C7 /* Debug */ = {
			isa = XCBuildConfiguration;
			buildSettings = {
				ASSETCATALOG_COMPILER_APPICON_NAME = AppIcon;
				"ASSETCATALOG_COMPILER_APPICON_NAME[sdk=iphoneos*]" = AppIcon;
				ASSETCATALOG_COMPILER_GLOBAL_ACCENT_COLOR_NAME = AccentColor;
				ASSETCATALOG_COMPILER_INCLUDE_ALL_APPICON_ASSETS = NO;
				CODE_SIGN_STYLE = Automatic;
				CURRENT_PROJECT_VERSION = 1;
				DEVELOPMENT_ASSET_PATHS = "\"LightBulb/Preview Content\"";
				ENABLE_PREVIEWS = YES;
				GENERATE_INFOPLIST_FILE = YES;
				INFOPLIST_FILE = LightBulb/Info.plist;
				INFOPLIST_KEY_UIApplicationSceneManifest_Generation = YES;
				INFOPLIST_KEY_UIApplicationSupportsIndirectInputEvents = YES;
				INFOPLIST_KEY_UILaunchScreen_Generation = YES;
				INFOPLIST_KEY_UISupportedInterfaceOrientations_iPad = "UIInterfaceOrientationPortrait UIInterfaceOrientationPortraitUpsideDown UIInterfaceOrientationLandscapeLeft UIInterfaceOrientationLandscapeRight";
				INFOPLIST_KEY_UISupportedInterfaceOrientations_iPhone = "UIInterfaceOrientationPortrait UIInterfaceOrientationLandscapeLeft UIInterfaceOrientationLandscapeRight";
				LD_RUNPATH_SEARCH_PATHS = (
					"$(inherited)",
					"@executable_path/Frameworks",
				);
				MARKETING_VERSION = 1.0;
				PRODUCT_BUNDLE_IDENTIFIER = KWK.LightBulb;
				PRODUCT_NAME = "$(TARGET_NAME)";
				SWIFT_EMIT_LOC_STRINGS = YES;
				SWIFT_VERSION = 5.0;
				TARGETED_DEVICE_FAMILY = "1,2";
			};
			name = Debug;
		};
		BD2A9D0B2A8BB03E00ACB6C7 /* Release */ = {
			isa = XCBuildConfiguration;
			buildSettings = {
				ASSETCATALOG_COMPILER_APPICON_NAME = AppIcon;
				"ASSETCATALOG_COMPILER_APPICON_NAME[sdk=iphoneos*]" = AppIcon;
				ASSETCATALOG_COMPILER_GLOBAL_ACCENT_COLOR_NAME = AccentColor;
				ASSETCATALOG_COMPILER_INCLUDE_ALL_APPICON_ASSETS = NO;
				CODE_SIGN_STYLE = Automatic;
				CURRENT_PROJECT_VERSION = 1;
				DEVELOPMENT_ASSET_PATHS = "\"LightBulb/Preview Content\"";
				ENABLE_PREVIEWS = YES;
				GENERATE_INFOPLIST_FILE = YES;
				INFOPLIST_FILE = LightBulb/Info.plist;
				INFOPLIST_KEY_UIApplicationSceneManifest_Generation = YES;
				INFOPLIST_KEY_UIApplicationSupportsIndirectInputEvents = YES;
				INFOPLIST_KEY_UILaunchScreen_Generation = YES;
				INFOPLIST_KEY_UISupportedInterfaceOrientations_iPad = "UIInterfaceOrientationPortrait UIInterfaceOrientationPortraitUpsideDown UIInterfaceOrientationLandscapeLeft UIInterfaceOrientationLandscapeRight";
				INFOPLIST_KEY_UISupportedInterfaceOrientations_iPhone = "UIInterfaceOrientationPortrait UIInterfaceOrientationLandscapeLeft UIInterfaceOrientationLandscapeRight";
				LD_RUNPATH_SEARCH_PATHS = (
					"$(inherited)",
					"@executable_path/Frameworks",
				);
				MARKETING_VERSION = 1.0;
				PRODUCT_BUNDLE_IDENTIFIER = KWK.LightBulb;
				PRODUCT_NAME = "$(TARGET_NAME)";
				SWIFT_EMIT_LOC_STRINGS = YES;
				SWIFT_VERSION = 5.0;
				TARGETED_DEVICE_FAMILY = "1,2";
			};
			name = Release;
		};
		BD2A9D0D2A8BB03E00ACB6C7 /* Debug */ = {
			isa = XCBuildConfiguration;
			buildSettings = {
				ALWAYS_EMBED_SWIFT_STANDARD_LIBRARIES = YES;
				BUNDLE_LOADER = "$(TEST_HOST)";
				CODE_SIGN_STYLE = Automatic;
				CURRENT_PROJECT_VERSION = 1;
				GENERATE_INFOPLIST_FILE = YES;
				IPHONEOS_DEPLOYMENT_TARGET = 16.4;
				MARKETING_VERSION = 1.0;
				PRODUCT_BUNDLE_IDENTIFIER = KWK.LightBulbTests;
				PRODUCT_NAME = "$(TARGET_NAME)";
				SWIFT_EMIT_LOC_STRINGS = NO;
				SWIFT_VERSION = 5.0;
				TARGETED_DEVICE_FAMILY = "1,2";
				TEST_HOST = "$(BUILT_PRODUCTS_DIR)/LightBulb.app/$(BUNDLE_EXECUTABLE_FOLDER_PATH)/LightBulb";
			};
			name = Debug;
		};
		BD2A9D0E2A8BB03E00ACB6C7 /* Release */ = {
			isa = XCBuildConfiguration;
			buildSettings = {
				ALWAYS_EMBED_SWIFT_STANDARD_LIBRARIES = YES;
				BUNDLE_LOADER = "$(TEST_HOST)";
				CODE_SIGN_STYLE = Automatic;
				CURRENT_PROJECT_VERSION = 1;
				GENERATE_INFOPLIST_FILE = YES;
				IPHONEOS_DEPLOYMENT_TARGET = 16.4;
				MARKETING_VERSION = 1.0;
				PRODUCT_BUNDLE_IDENTIFIER = KWK.LightBulbTests;
				PRODUCT_NAME = "$(TARGET_NAME)";
				SWIFT_EMIT_LOC_STRINGS = NO;
				SWIFT_VERSION = 5.0;
				TARGETED_DEVICE_FAMILY = "1,2";
				TEST_HOST = "$(BUILT_PRODUCTS_DIR)/LightBulb.app/$(BUNDLE_EXECUTABLE_FOLDER_PATH)/LightBulb";
			};
			name = Release;
		};
		BD2A9D102A8BB03E00ACB6C7 /* Debug */ = {
			isa = XCBuildConfiguration;
			buildSettings = {
				ALWAYS_EMBED_SWIFT_STANDARD_LIBRARIES = YES;
				CODE_SIGN_STYLE = Automatic;
				CURRENT_PROJECT_VERSION = 1;
				GENERATE_INFOPLIST_FILE = YES;
				MARKETING_VERSION = 1.0;
				PRODUCT_BUNDLE_IDENTIFIER = KWK.LightBulbUITests;
				PRODUCT_NAME = "$(TARGET_NAME)";
				SWIFT_EMIT_LOC_STRINGS = NO;
				SWIFT_VERSION = 5.0;
				TARGETED_DEVICE_FAMILY = "1,2";
				TEST_TARGET_NAME = LightBulb;
			};
			name = Debug;
		};
		BD2A9D112A8BB03E00ACB6C7 /* Release */ = {
			isa = XCBuildConfiguration;
			buildSettings = {
				ALWAYS_EMBED_SWIFT_STANDARD_LIBRARIES = YES;
				CODE_SIGN_STYLE = Automatic;
				CURRENT_PROJECT_VERSION = 1;
				GENERATE_INFOPLIST_FILE = YES;
				MARKETING_VERSION = 1.0;
				PRODUCT_BUNDLE_IDENTIFIER = KWK.LightBulbUITests;
				PRODUCT_NAME = "$(TARGET_NAME)";
				SWIFT_EMIT_LOC_STRINGS = NO;
				SWIFT_VERSION = 5.0;
				TARGETED_DEVICE_FAMILY = "1,2";
				TEST_TARGET_NAME = LightBulb;
			};
			name = Release;
		};
/* End XCBuildConfiguration section */

/* Begin XCConfigurationList section */
		BD2A9CE02A8BB03C00ACB6C7 /* Build configuration list for PBXProject "LightBulb" */ = {
			isa = XCConfigurationList;
			buildConfigurations = (
				BD2A9D072A8BB03E00ACB6C7 /* Debug */,
				BD2A9D082A8BB03E00ACB6C7 /* Release */,
			);
			defaultConfigurationIsVisible = 0;
			defaultConfigurationName = Release;
		};
		BD2A9D092A8BB03E00ACB6C7 /* Build configuration list for PBXNativeTarget "LightBulb" */ = {
			isa = XCConfigurationList;
			buildConfigurations = (
				BD2A9D0A2A8BB03E00ACB6C7 /* Debug */,
				BD2A9D0B2A8BB03E00ACB6C7 /* Release */,
			);
			defaultConfigurationIsVisible = 0;
			defaultConfigurationName = Release;
		};
		BD2A9D0C2A8BB03E00ACB6C7 /* Build configuration list for PBXNativeTarget "LightBulbTests" */ = {
			isa = XCConfigurationList;
			buildConfigurations = (
				BD2A9D0D2A8BB03E00ACB6C7 /* Debug */,
				BD2A9D0E2A8BB03E00ACB6C7 /* Release */,
			);
			defaultConfigurationIsVisible = 0;
			defaultConfigurationName = Release;
		};
		BD2A9D0F2A8BB03E00ACB6C7 /* Build configuration list for PBXNativeTarget "LightBulbUITests" */ = {
			isa = XCConfigurationList;
			buildConfigurations = (
				BD2A9D102A8BB03E00ACB6C7 /* Debug */,
				BD2A9D112A8BB03E00ACB6C7 /* Release */,
			);
			defaultConfigurationIsVisible = 0;
			defaultConfigurationName = Release;
		};
/* End XCConfigurationList section */
	};
	rootObject = BD2A9CDD2A8BB03C00ACB6C7 /* Project object */;
}
